
Microsoft Visual Studio Solution File, Format Version 12.00
# Visual Studio 15
VisualStudioVersion = 15.0.27428.2005
MinimumVisualStudioVersion = 10.0.40219.1
Project("{9A19103F-16F7-4668-BE54-9A1E7A4F7556}") = "testConsole", "testConsole.csproj", "{C65D7C58-8615-4551-B005-20F8F722F503}"
EndProject
Global
	GlobalSection(SolutionConfigurationPlatforms) = preSolution
		Debug|Any CPU = Debug|Any CPU
		Release|Any CPU = Release|Any CPU
	EndGlobalSection
	GlobalSection(ProjectConfigurationPlatforms) = postSolution
		{C65D7C58-8615-4551-B005-20F8F722F503}.Debug|Any CPU.ActiveCfg = Debug|Any CPU
		{C65D7C58-8615-4551-B005-20F8F722F503}.Debug|Any CPU.Build.0 = Debug|Any CPU
		{C65D7C58-8615-4551-B005-20F8F722F503}.Release|Any CPU.ActiveCfg = Release|Any CPU
		{C65D7C58-8615-4551-B005-20F8F722F503}.Release|Any CPU.Build.0 = Release|Any CPU
	EndGlobalSection
	GlobalSection(SolutionProperties) = preSolution
		HideSolutionNode = FALSE
	EndGlobalSection
	GlobalSection(ExtensibilityGlobals) = postSolution
		SolutionGuid = {83866575-3A8B-497F-9108-D17F63BB9393}
	EndGlobalSection
EndGlobal
